
Microsoft Visual Studio Solution File, Format Version 12.00
# Visual Studio Version 17
VisualStudioVersion = 17.0.31903.59
MinimumVisualStudioVersion = 10.0.40219.1
Project("{FAE04EC0-301F-11D3-BF4B-00C04F79EFBC}") = "API", "API\API.csproj", "{C66915AF-5629-4C0E-9642-43C1911B31AF}"
EndProject
Global
	GlobalSection(SolutionConfigurationPlatforms) = preSolution
		Debug|Any CPU = Debug|Any CPU
		Release|Any CPU = Release|Any CPU
	EndGlobalSection
	GlobalSection(SolutionProperties) = preSolution
		HideSolutionNode = FALSE
	EndGlobalSection
	GlobalSection(ProjectConfigurationPlatforms) = postSolution
		{C66915AF-5629-4C0E-9642-43C1911B31AF}.Debug|Any CPU.ActiveCfg = Debug|Any CPU
		{C66915AF-5629-4C0E-9642-43C1911B31AF}.Debug|Any CPU.Build.0 = Debug|Any CPU
		{C66915AF-5629-4C0E-9642-43C1911B31AF}.Release|Any CPU.ActiveCfg = Release|Any CPU
		{C66915AF-5629-4C0E-9642-43C1911B31AF}.Release|Any CPU.Build.0 = Release|Any CPU
	EndGlobalSection
EndGlobal
