
Microsoft Visual Studio Solution File, Format Version 12.00
# Visual Studio Version 17
VisualStudioVersion = 17.0.31903.59
MinimumVisualStudioVersion = 10.0.40219.1
Project("{FAE04EC0-301F-11D3-BF4B-00C04F79EFBC}") = "API", "API\API.csproj", "{C66915AF-5629-4C0E-9642-43C1911B31AF}"
EndProject
Project("{2150E333-8FDC-42A3-9474-1A3956D46DE8}") = "External", "External", "{E61F4B48-ABB9-4AC8-BE53-232B62CF5801}"
EndProject
Project("{2150E333-8FDC-42A3-9474-1A3956D46DE8}") = "Core", "Core", "{2CF3212C-04D4-4D95-87BE-B2C5C81663BC}"
EndProject
Project("{FAE04EC0-301F-11D3-BF4B-00C04F79EFBC}") = "Application", "Application\Application.csproj", "{CFB956A0-2DA5-4772-A3B7-802495C8EB02}"
EndProject
Project("{FAE04EC0-301F-11D3-BF4B-00C04F79EFBC}") = "Domain", "Domain\Domain.csproj", "{99A897CA-530F-4DE3-9C33-B65BF99287FE}"
EndProject
Project("{FAE04EC0-301F-11D3-BF4B-00C04F79EFBC}") = "Presentation", "Presentation\Presentation.csproj", "{5BA49E81-6AE4-445B-9A8D-5C0878016701}"
EndProject
Project("{2150E333-8FDC-42A3-9474-1A3956D46DE8}") = "Integrations", "Integrations", "{7FD4FB22-B20D-44CE-B00F-18CCE79B015A}"
EndProject
Project("{FAE04EC0-301F-11D3-BF4B-00C04F79EFBC}") = "Infrastructure", "Infrastructure\Infrastructure.csproj", "{CB36A8F2-761A-42D4-989F-6B5B86D1A76B}"
EndProject
Project("{2150E333-8FDC-42A3-9474-1A3956D46DE8}") = "Test", "Test", "{F647A07C-F53B-49FE-AC52-182ECF44924D}"
EndProject
Global
	GlobalSection(SolutionConfigurationPlatforms) = preSolution
		Debug|Any CPU = Debug|Any CPU
		Release|Any CPU = Release|Any CPU
	EndGlobalSection
	GlobalSection(SolutionProperties) = preSolution
		HideSolutionNode = FALSE
	EndGlobalSection
	GlobalSection(ProjectConfigurationPlatforms) = postSolution
		{C66915AF-5629-4C0E-9642-43C1911B31AF}.Debug|Any CPU.ActiveCfg = Debug|Any CPU
		{C66915AF-5629-4C0E-9642-43C1911B31AF}.Debug|Any CPU.Build.0 = Debug|Any CPU
		{C66915AF-5629-4C0E-9642-43C1911B31AF}.Release|Any CPU.ActiveCfg = Release|Any CPU
		{C66915AF-5629-4C0E-9642-43C1911B31AF}.Release|Any CPU.Build.0 = Release|Any CPU
		{CFB956A0-2DA5-4772-A3B7-802495C8EB02}.Debug|Any CPU.ActiveCfg = Debug|Any CPU
		{CFB956A0-2DA5-4772-A3B7-802495C8EB02}.Debug|Any CPU.Build.0 = Debug|Any CPU
		{CFB956A0-2DA5-4772-A3B7-802495C8EB02}.Release|Any CPU.ActiveCfg = Release|Any CPU
		{CFB956A0-2DA5-4772-A3B7-802495C8EB02}.Release|Any CPU.Build.0 = Release|Any CPU
		{99A897CA-530F-4DE3-9C33-B65BF99287FE}.Debug|Any CPU.ActiveCfg = Debug|Any CPU
		{99A897CA-530F-4DE3-9C33-B65BF99287FE}.Debug|Any CPU.Build.0 = Debug|Any CPU
		{99A897CA-530F-4DE3-9C33-B65BF99287FE}.Release|Any CPU.ActiveCfg = Release|Any CPU
		{99A897CA-530F-4DE3-9C33-B65BF99287FE}.Release|Any CPU.Build.0 = Release|Any CPU
		{5BA49E81-6AE4-445B-9A8D-5C0878016701}.Debug|Any CPU.ActiveCfg = Debug|Any CPU
		{5BA49E81-6AE4-445B-9A8D-5C0878016701}.Debug|Any CPU.Build.0 = Debug|Any CPU
		{5BA49E81-6AE4-445B-9A8D-5C0878016701}.Release|Any CPU.ActiveCfg = Release|Any CPU
		{5BA49E81-6AE4-445B-9A8D-5C0878016701}.Release|Any CPU.Build.0 = Release|Any CPU
		{CB36A8F2-761A-42D4-989F-6B5B86D1A76B}.Debug|Any CPU.ActiveCfg = Debug|Any CPU
		{CB36A8F2-761A-42D4-989F-6B5B86D1A76B}.Debug|Any CPU.Build.0 = Debug|Any CPU
		{CB36A8F2-761A-42D4-989F-6B5B86D1A76B}.Release|Any CPU.ActiveCfg = Release|Any CPU
		{CB36A8F2-761A-42D4-989F-6B5B86D1A76B}.Release|Any CPU.Build.0 = Release|Any CPU
	EndGlobalSection
	GlobalSection(NestedProjects) = preSolution
		{CFB956A0-2DA5-4772-A3B7-802495C8EB02} = {2CF3212C-04D4-4D95-87BE-B2C5C81663BC}
		{99A897CA-530F-4DE3-9C33-B65BF99287FE} = {2CF3212C-04D4-4D95-87BE-B2C5C81663BC}
		{5BA49E81-6AE4-445B-9A8D-5C0878016701} = {E61F4B48-ABB9-4AC8-BE53-232B62CF5801}
		{7FD4FB22-B20D-44CE-B00F-18CCE79B015A} = {E61F4B48-ABB9-4AC8-BE53-232B62CF5801}
		{CB36A8F2-761A-42D4-989F-6B5B86D1A76B} = {E61F4B48-ABB9-4AC8-BE53-232B62CF5801}
	EndGlobalSection
EndGlobal
